
Microsoft Visual Studio Solution File, Format Version 12.00
# Visual Studio 14
VisualStudioVersion = 14.0.23107.0
MinimumVisualStudioVersion = 10.0.40219.1
Project("{FAE04EC0-301F-11D3-BF4B-00C04F79EFBC}") = "Clay", "Clay\Clay.csproj", "{FAA22E08-7F1D-4BE8-B568-A8A39C0996FA}"
EndProject
Project("{FAE04EC0-301F-11D3-BF4B-00C04F79EFBC}") = "ClayData", "ClayData\ClayData.csproj", "{5A37C3E7-D2E2-4347-A149-A1622C7EACC4}"
EndProject
Global
	GlobalSection(SolutionConfigurationPlatforms) = preSolution
		Debug|Any CPU = Debug|Any CPU
		Release|Any CPU = Release|Any CPU
	EndGlobalSection
	GlobalSection(ProjectConfigurationPlatforms) = postSolution
		{FAA22E08-7F1D-4BE8-B568-A8A39C0996FA}.Debug|Any CPU.ActiveCfg = Debug|Any CPU
		{FAA22E08-7F1D-4BE8-B568-A8A39C0996FA}.Debug|Any CPU.Build.0 = Debug|Any CPU
		{FAA22E08-7F1D-4BE8-B568-A8A39C0996FA}.Release|Any CPU.ActiveCfg = Release|Any CPU
		{FAA22E08-7F1D-4BE8-B568-A8A39C0996FA}.Release|Any CPU.Build.0 = Release|Any CPU
		{5A37C3E7-D2E2-4347-A149-A1622C7EACC4}.Debug|Any CPU.ActiveCfg = Debug|Any CPU
		{5A37C3E7-D2E2-4347-A149-A1622C7EACC4}.Debug|Any CPU.Build.0 = Debug|Any CPU
		{5A37C3E7-D2E2-4347-A149-A1622C7EACC4}.Release|Any CPU.ActiveCfg = Release|Any CPU
		{5A37C3E7-D2E2-4347-A149-A1622C7EACC4}.Release|Any CPU.Build.0 = Release|Any CPU
	EndGlobalSection
	GlobalSection(SolutionProperties) = preSolution
		HideSolutionNode = FALSE
	EndGlobalSection
EndGlobal
